
Microsoft Visual Studio Solution File, Format Version 12.00
# Visual Studio 15
Project("{FAE04EC0-301F-11D3-BF4B-00C04F79EFBC}") = "Assembly-CSharp", "Assembly-CSharp.csproj", "{90B704D7-CF49-DEDE-B072-F94BB1369987}"
EndProject
Project("{FAE04EC0-301F-11D3-BF4B-00C04F79EFBC}") = "Assembly-CSharp-Editor", "Assembly-CSharp-Editor.csproj", "{F9E2B439-EA93-1B8E-F633-88F6DD8390B0}"
EndProject
Global
	GlobalSection(SolutionConfigurationPlatforms) = preSolution
		Debug|Any CPU = Debug|Any CPU
		Release|Any CPU = Release|Any CPU
	EndGlobalSection
	GlobalSection(ProjectConfigurationPlatforms) = postSolution
		{90B704D7-CF49-DEDE-B072-F94BB1369987}.Debug|Any CPU.ActiveCfg = Debug|Any CPU
		{90B704D7-CF49-DEDE-B072-F94BB1369987}.Debug|Any CPU.Build.0 = Debug|Any CPU
		{90B704D7-CF49-DEDE-B072-F94BB1369987}.Release|Any CPU.ActiveCfg = Release|Any CPU
		{90B704D7-CF49-DEDE-B072-F94BB1369987}.Release|Any CPU.Build.0 = Release|Any CPU
		{F9E2B439-EA93-1B8E-F633-88F6DD8390B0}.Debug|Any CPU.ActiveCfg = Debug|Any CPU
		{F9E2B439-EA93-1B8E-F633-88F6DD8390B0}.Debug|Any CPU.Build.0 = Debug|Any CPU
		{F9E2B439-EA93-1B8E-F633-88F6DD8390B0}.Release|Any CPU.ActiveCfg = Release|Any CPU
		{F9E2B439-EA93-1B8E-F633-88F6DD8390B0}.Release|Any CPU.Build.0 = Release|Any CPU
	EndGlobalSection
	GlobalSection(SolutionProperties) = preSolution
		HideSolutionNode = FALSE
	EndGlobalSection
EndGlobal
